{
  "originHash" : "f7e98bedd87805061514f659f1a70d5d7f3dd403458dafebfdadf4b8cd4b28ea",
  "pins" : [
    {
      "identity" : "sendabledictionary",
      "kind" : "remoteSourceControl",
      "location" : "https://github.com/SwiftfulThinking/SendableDictionary.git",
      "state" : {
        "revision" : "87eca8178bb0b64a2f1a6191ac42b2e73620db07",
        "version" : "1.0.0"
      }
    }
  ],
  "version" : 3
}
